
Microsoft Visual Studio Solution File, Format Version 12.00
# Visual Studio Version 17
VisualStudioVersion = 17.9.34701.34
MinimumVisualStudioVersion = 10.0.40219.1
Project("{FAE04EC0-301F-11D3-BF4B-00C04F79EFBC}") = "storeCheckout", "storeCheckout\storeCheckout.csproj", "{9E37049F-BC43-48E8-9C97-27CB048C7A46}"
EndProject
Global
	GlobalSection(SolutionConfigurationPlatforms) = preSolution
		Debug|Any CPU = Debug|Any CPU
		Release|Any CPU = Release|Any CPU
	EndGlobalSection
	GlobalSection(ProjectConfigurationPlatforms) = postSolution
		{9E37049F-BC43-48E8-9C97-27CB048C7A46}.Debug|Any CPU.ActiveCfg = Debug|Any CPU
		{9E37049F-BC43-48E8-9C97-27CB048C7A46}.Debug|Any CPU.Build.0 = Debug|Any CPU
		{9E37049F-BC43-48E8-9C97-27CB048C7A46}.Release|Any CPU.ActiveCfg = Release|Any CPU
		{9E37049F-BC43-48E8-9C97-27CB048C7A46}.Release|Any CPU.Build.0 = Release|Any CPU
	EndGlobalSection
	GlobalSection(SolutionProperties) = preSolution
		HideSolutionNode = FALSE
	EndGlobalSection
	GlobalSection(ExtensibilityGlobals) = postSolution
		SolutionGuid = {75D5425E-B07A-44FF-A915-10A75B674A84}
	EndGlobalSection
EndGlobal
